Microsoft Visual Studio Solution File, Format Version 12.00
# Visual Studio Version 17
VisualStudioVersion = 17.0.31903.59
MinimumVisualStudioVersion = 10.0.40219.1
Project("{FAE04EC0-301F-11D3-BF4B-00C04F79EFBC}") = "BloggingApp.Api", "BloggingApp.Api\BloggingApp.Api.csproj", "{9A7FB236-23D0-43D0-BD4C-1EE14AE0D23C}"
EndProject
Project("{FAE04EC0-301F-11D3-BF4B-00C04F79EFBC}") = "BloggingApp.RazorPages", "BloggingApp.RazorPages\BloggingApp.RazorPages.csproj", "{8B9E7A45-D047-4E83-B355-40807FC4BE1D}"
EndProject
Global
	GlobalSection(SolutionConfigurationPlatforms) = preSolution
		Debug|Any CPU = Debug|Any CPU
		Release|Any CPU = Release|Any CPU
	EndGlobalSection
	GlobalSection(SolutionProperties) = preSolution
		HideSolutionNode = FALSE
	EndGlobalSection
	GlobalSection(ProjectConfigurationPlatforms) = postSolution
		{9A7FB236-23D0-43D0-BD4C-1EE14AE0D23C}.Debug|Any CPU.ActiveCfg = Debug|Any CPU
		{9A7FB236-23D0-43D0-BD4C-1EE14AE0D23C}.Debug|Any CPU.Build.0 = Debug|Any CPU
		{9A7FB236-23D0-43D0-BD4C-1EE14AE0D23C}.Release|Any CPU.ActiveCfg = Release|Any CPU
		{9A7FB236-23D0-43D0-BD4C-1EE14AE0D23C}.Release|Any CPU.Build.0 = Release|Any CPU
		{8B9E7A45-D047-4E83-B355-40807FC4BE1D}.Debug|Any CPU.ActiveCfg = Debug|Any CPU
		{8B9E7A45-D047-4E83-B355-40807FC4BE1D}.Debug|Any CPU.Build.0 = Debug|Any CPU
		{8B9E7A45-D047-4E83-B355-40807FC4BE1D}.Release|Any CPU.ActiveCfg = Release|Any CPU
		{8B9E7A45-D047-4E83-B355-40807FC4BE1D}.Release|Any CPU.Build.0 = Release|Any CPU
	EndGlobalSection
EndGlobal
